
Microsoft Visual Studio Solution File, Format Version 12.00
# Visual Studio Version 16
VisualStudioVersion = 16.0.32126.315
MinimumVisualStudioVersion = 10.0.40219.1
Project("{8BC9CEB8-8B4A-11D0-8D11-00A0C91BC942}") = "memory_manager", "memory_manager\memory_manager.vcxproj", "{170E9C42-A3F9-4FB8-8725-D363CD2D7F87}"
EndProject
Global
	GlobalSection(SolutionConfigurationPlatforms) = preSolution
		Debug|x64 = Debug|x64
		Debug|x86 = Debug|x86
		Release|x64 = Release|x64
		Release|x86 = Release|x86
	EndGlobalSection
	GlobalSection(ProjectConfigurationPlatforms) = postSolution
		{170E9C42-A3F9-4FB8-8725-D363CD2D7F87}.Debug|x64.ActiveCfg = Debug|x64
		{170E9C42-A3F9-4FB8-8725-D363CD2D7F87}.Debug|x64.Build.0 = Debug|x64
		{170E9C42-A3F9-4FB8-8725-D363CD2D7F87}.Debug|x86.ActiveCfg = Debug|Win32
		{170E9C42-A3F9-4FB8-8725-D363CD2D7F87}.Debug|x86.Build.0 = Debug|Win32
		{170E9C42-A3F9-4FB8-8725-D363CD2D7F87}.Release|x64.ActiveCfg = Release|x64
		{170E9C42-A3F9-4FB8-8725-D363CD2D7F87}.Release|x64.Build.0 = Release|x64
		{170E9C42-A3F9-4FB8-8725-D363CD2D7F87}.Release|x86.ActiveCfg = Release|Win32
		{170E9C42-A3F9-4FB8-8725-D363CD2D7F87}.Release|x86.Build.0 = Release|Win32
	EndGlobalSection
	GlobalSection(SolutionProperties) = preSolution
		HideSolutionNode = FALSE
	EndGlobalSection
	GlobalSection(ExtensibilityGlobals) = postSolution
		SolutionGuid = {D7BE9D2E-8E50-4487-AB01-9451E16D8374}
	EndGlobalSection
EndGlobal
