
Microsoft Visual Studio Solution File, Format Version 12.00
# Visual Studio Version 16
VisualStudioVersion = 16.0.33927.289
MinimumVisualStudioVersion = 10.0.40219.1
Project("{8BC9CEB8-8B4A-11D0-8D11-00A0C91BC942}") = "template_meta_programming", "template_meta_programming\template_meta_programming.vcxproj", "{9E1DDBE6-C297-44BA-98EC-AE90558A9875}"
EndProject
Global
	GlobalSection(SolutionConfigurationPlatforms) = preSolution
		Debug|x64 = Debug|x64
		Debug|x86 = Debug|x86
		Release|x64 = Release|x64
		Release|x86 = Release|x86
	EndGlobalSection
	GlobalSection(ProjectConfigurationPlatforms) = postSolution
		{9E1DDBE6-C297-44BA-98EC-AE90558A9875}.Debug|x64.ActiveCfg = Debug|x64
		{9E1DDBE6-C297-44BA-98EC-AE90558A9875}.Debug|x64.Build.0 = Debug|x64
		{9E1DDBE6-C297-44BA-98EC-AE90558A9875}.Debug|x86.ActiveCfg = Debug|Win32
		{9E1DDBE6-C297-44BA-98EC-AE90558A9875}.Debug|x86.Build.0 = Debug|Win32
		{9E1DDBE6-C297-44BA-98EC-AE90558A9875}.Release|x64.ActiveCfg = Release|x64
		{9E1DDBE6-C297-44BA-98EC-AE90558A9875}.Release|x64.Build.0 = Release|x64
		{9E1DDBE6-C297-44BA-98EC-AE90558A9875}.Release|x86.ActiveCfg = Release|Win32
		{9E1DDBE6-C297-44BA-98EC-AE90558A9875}.Release|x86.Build.0 = Release|Win32
	EndGlobalSection
	GlobalSection(SolutionProperties) = preSolution
		HideSolutionNode = FALSE
	EndGlobalSection
	GlobalSection(ExtensibilityGlobals) = postSolution
		SolutionGuid = {9F131D6F-893C-4DE7-AE73-8B71A59504BD}
	EndGlobalSection
EndGlobal
